
Microsoft Visual Studio Solution File, Format Version 12.00
Project("{FAE04EC0-301F-11D3-BF4B-00C04F79EFBC}") = "db-programming", "db-programming\db-programming.csproj", "{7874A22C-321B-4931-A313-41E9C3166FC5}"
EndProject
Global
	GlobalSection(SolutionConfigurationPlatforms) = preSolution
		Debug|Any CPU = Debug|Any CPU
		Release|Any CPU = Release|Any CPU
	EndGlobalSection
	GlobalSection(ProjectConfigurationPlatforms) = postSolution
		{7874A22C-321B-4931-A313-41E9C3166FC5}.Debug|Any CPU.ActiveCfg = Debug|Any CPU
		{7874A22C-321B-4931-A313-41E9C3166FC5}.Debug|Any CPU.Build.0 = Debug|Any CPU
		{7874A22C-321B-4931-A313-41E9C3166FC5}.Release|Any CPU.ActiveCfg = Release|Any CPU
		{7874A22C-321B-4931-A313-41E9C3166FC5}.Release|Any CPU.Build.0 = Release|Any CPU
	EndGlobalSection
EndGlobal
